// !$*UTF8*$!
{
	archiveVersion = 1;
	classes = {
	};
	objectVersion = 50;
	objects = {

/* Begin PBXBuildFile section */
		55CB2DAB235BFB810082906D /* AppDelegate.swift in Sources */ = {isa = PBXBuildFile; fileRef = 55CB2DAA235BFB810082906D /* AppDelegate.swift */; };
		55CB2DAD235BFB810082906D /* SceneDelegate.swift in Sources */ = {isa = PBXBuildFile; fileRef = 55CB2DAC235BFB810082906D /* SceneDelegate.swift */; };
		55CB2DAF235BFB810082906D /* ContentView.swift in Sources */ = {isa = PBXBuildFile; fileRef = 55CB2DAE235BFB810082906D /* ContentView.swift */; };
		55CB2DB1235BFB830082906D /* Assets.xcassets in Resources */ = {isa = PBXBuildFile; fileRef = 55CB2DB0235BFB830082906D /* Assets.xcassets */; };
		55CB2DB4235BFB830082906D /* Preview Assets.xcassets in Resources */ = {isa = PBXBuildFile; fileRef = 55CB2DB3235BFB830082906D /* Preview Assets.xcassets */; };
		55CB2DB7235BFB830082906D /* LaunchScreen.storyboard in Resources */ = {isa = PBXBuildFile; fileRef = 55CB2DB5235BFB830082906D /* LaunchScreen.storyboard */; };
		55CB2DC2235BFB830082906D /* SwiftUI_PracticeTests.swift in Sources */ = {isa = PBXBuildFile; fileRef = 55CB2DC1235BFB830082906D /* SwiftUI_PracticeTests.swift */; };
		55CB2DCD235BFB830082906D /* SwiftUI_PracticeUITests.swift in Sources */ = {isa = PBXBuildFile; fileRef = 55CB2DCC235BFB830082906D /* SwiftUI_PracticeUITests.swift */; };
		55CB2DDC235BFD8E0082906D /* UserViewModel.swift in Sources */ = {isa = PBXBuildFile; fileRef = 55CB2DDB235BFD8E0082906D /* UserViewModel.swift */; };
		55CB2DDF235C025C0082906D /* LoginView.swift in Sources */ = {isa = PBXBuildFile; fileRef = 55CB2DDE235C025C0082906D /* LoginView.swift */; };
		55CB2DE1235C0EC60082906D /* SecureLandingView.swift in Sources */ = {isa = PBXBuildFile; fileRef = 55CB2DE0235C0EC60082906D /* SecureLandingView.swift */; };
/* End PBXBuildFile section */

/* Begin PBXContainerItemProxy section */
		55CB2DBE235BFB830082906D /* PBXContainerItemProxy */ = {
			isa = PBXContainerItemProxy;
			containerPortal = 55CB2D9F235BFB810082906D /* Project object */;
			proxyType = 1;
			remoteGlobalIDString = 55CB2DA6235BFB810082906D;
			remoteInfo = "SwiftUI-Practice";
		};
		55CB2DC9235BFB830082906D /* PBXContainerItemProxy */ = {
			isa = PBXContainerItemProxy;
			containerPortal = 55CB2D9F235BFB810082906D /* Project object */;
			proxyType = 1;
			remoteGlobalIDString = 55CB2DA6235BFB810082906D;
			remoteInfo = "SwiftUI-Practice";
		};
/* End PBXContainerItemProxy section */

/* Begin PBXFileReference section */
		55CB2DA7235BFB810082906D /* SwiftUI-Practice.app */ = {isa = PBXFileReference; explicitFileType = wrapper.application; includeInIndex = 0; path = "SwiftUI-Practice.app"; sourceTree = BUILT_PRODUCTS_DIR; };
		55CB2DAA235BFB810082906D /* AppDelegate.swift */ = {isa = PBXFileReference; lastKnownFileType = sourcecode.swift; path = AppDelegate.swift; sourceTree = "<group>"; };
		55CB2DAC235BFB810082906D /* SceneDelegate.swift */ = {isa = PBXFileReference; lastKnownFileType = sourcecode.swift; path = SceneDelegate.swift; sourceTree = "<group>"; };
		55CB2DAE235BFB810082906D /* ContentView.swift */ = {isa = PBXFileReference; lastKnownFileType = sourcecode.swift; path = ContentView.swift; sourceTree = "<group>"; };
		55CB2DB0235BFB830082906D /* Assets.xcassets */ = {isa = PBXFileReference; lastKnownFileType = folder.assetcatalog; path = Assets.xcassets; sourceTree = "<group>"; };
		55CB2DB3235BFB830082906D /* Preview Assets.xcassets */ = {isa = PBXFileReference; lastKnownFileType = folder.assetcatalog; path = "Preview Assets.xcassets"; sourceTree = "<group>"; };
		55CB2DB6235BFB830082906D /* Base */ = {isa = PBXFileReference; lastKnownFileType = file.storyboard; name = Base; path = Base.lproj/LaunchScreen.storyboard; sourceTree = "<group>"; };
		55CB2DB8235BFB830082906D /* Info.plist */ = {isa = PBXFileReference; lastKnownFileType = text.plist.xml; path = Info.plist; sourceTree = "<group>"; };
		55CB2DBD235BFB830082906D /* SwiftUI-PracticeTests.xctest */ = {isa = PBXFileReference; explicitFileType = wrapper.cfbundle; includeInIndex = 0; path = "SwiftUI-PracticeTests.xctest"; sourceTree = BUILT_PRODUCTS_DIR; };
		55CB2DC1235BFB830082906D /* SwiftUI_PracticeTests.swift */ = {isa = PBXFileReference; lastKnownFileType = sourcecode.swift; path = SwiftUI_PracticeTests.swift; sourceTree = "<group>"; };
		55CB2DC3235BFB830082906D /* Info.plist */ = {isa = PBXFileReference; lastKnownFileType = text.plist.xml; path = Info.plist; sourceTree = "<group>"; };
		55CB2DC8235BFB830082906D /* SwiftUI-PracticeUITests.xctest */ = {isa = PBXFileReference; explicitFileType = wrapper.cfbundle; includeInIndex = 0; path = "SwiftUI-PracticeUITests.xctest"; sourceTree = BUILT_PRODUCTS_DIR; };
		55CB2DCC235BFB830082906D /* SwiftUI_PracticeUITests.swift */ = {isa = PBXFileReference; lastKnownFileType = sourcecode.swift; path = SwiftUI_PracticeUITests.swift; sourceTree = "<group>"; };
		55CB2DCE235BFB830082906D /* Info.plist */ = {isa = PBXFileReference; lastKnownFileType = text.plist.xml; path = Info.plist; sourceTree = "<group>"; };
		55CB2DDB235BFD8E0082906D /* UserViewModel.swift */ = {isa = PBXFileReference; lastKnownFileType = sourcecode.swift; path = UserViewModel.swift; sourceTree = "<group>"; };
		55CB2DDE235C025C0082906D /* LoginView.swift */ = {isa = PBXFileReference; lastKnownFileType = sourcecode.swift; path = LoginView.swift; sourceTree = "<group>"; };
		55CB2DE0235C0EC60082906D /* SecureLandingView.swift */ = {isa = PBXFileReference; lastKnownFileType = sourcecode.swift; path = SecureLandingView.swift; sourceTree = "<group>"; };
/* End PBXFileReference section */

/* Begin PBXFrameworksBuildPhase section */
		55CB2DA4235BFB810082906D /* Frameworks */ = {
			isa = PBXFrameworksBuildPhase;
			buildActionMask = 2147483647;
			files = (
			);
			runOnlyForDeploymentPostprocessing = 0;
		};
		55CB2DBA235BFB830082906D /* Frameworks */ = {
			isa = PBXFrameworksBuildPhase;
			buildActionMask = 2147483647;
			files = (
			);
			runOnlyForDeploymentPostprocessing = 0;
		};
		55CB2DC5235BFB830082906D /* Frameworks */ = {
			isa = PBXFrameworksBuildPhase;
			buildActionMask = 2147483647;
			files = (
			);
			runOnlyForDeploymentPostprocessing = 0;
		};
/* End PBXFrameworksBuildPhase section */

/* Begin PBXGroup section */
		55CB2D9E235BFB810082906D = {
			isa = PBXGroup;
			children = (
				55CB2DA9235BFB810082906D /* SwiftUI-Practice */,
				55CB2DC0235BFB830082906D /* SwiftUI-PracticeTests */,
				55CB2DCB235BFB830082906D /* SwiftUI-PracticeUITests */,
				55CB2DA8235BFB810082906D /* Products */,
			);
			sourceTree = "<group>";
		};
		55CB2DA8235BFB810082906D /* Products */ = {
			isa = PBXGroup;
			children = (
				55CB2DA7235BFB810082906D /* SwiftUI-Practice.app */,
				55CB2DBD235BFB830082906D /* SwiftUI-PracticeTests.xctest */,
				55CB2DC8235BFB830082906D /* SwiftUI-PracticeUITests.xctest */,
			);
			name = Products;
			sourceTree = "<group>";
		};
		55CB2DA9235BFB810082906D /* SwiftUI-Practice */ = {
			isa = PBXGroup;
			children = (
				55CB2DDD235C00700082906D /* Views */,
				55CB2DDA235BFCEE0082906D /* ViewModels */,
				55CB2DAA235BFB810082906D /* AppDelegate.swift */,
				55CB2DAE235BFB810082906D /* ContentView.swift */,
				55CB2DAC235BFB810082906D /* SceneDelegate.swift */,
				55CB2DB0235BFB830082906D /* Assets.xcassets */,
				55CB2DB5235BFB830082906D /* LaunchScreen.storyboard */,
				55CB2DB8235BFB830082906D /* Info.plist */,
				55CB2DB2235BFB830082906D /* Preview Content */,
			);
			path = "SwiftUI-Practice";
			sourceTree = "<group>";
		};
		55CB2DB2235BFB830082906D /* Preview Content */ = {
			isa = PBXGroup;
			children = (
				55CB2DB3235BFB830082906D /* Preview Assets.xcassets */,
			);
			path = "Preview Content";
			sourceTree = "<group>";
		};
		55CB2DC0235BFB830082906D /* SwiftUI-PracticeTests */ = {
			isa = PBXGroup;
			children = (
				55CB2DC1235BFB830082906D /* SwiftUI_PracticeTests.swift */,
				55CB2DC3235BFB830082906D /* Info.plist */,
			);
			path = "SwiftUI-PracticeTests";
			sourceTree = "<group>";
		};
		55CB2DCB235BFB830082906D /* SwiftUI-PracticeUITests */ = {
			isa = PBXGroup;
			children = (
				55CB2DCC235BFB830082906D /* SwiftUI_PracticeUITests.swift */,
				55CB2DCE235BFB830082906D /* Info.plist */,
			);
			path = "SwiftUI-PracticeUITests";
			sourceTree = "<group>";
		};
		55CB2DDA235BFCEE0082906D /* ViewModels */ = {
			isa = PBXGroup;
			children = (
				55CB2DDB235BFD8E0082906D /* UserViewModel.swift */,
			);
			path = ViewModels;
			sourceTree = "<group>";
		};
		55CB2DDD235C00700082906D /* Views */ = {
			isa = PBXGroup;
			children = (
				55CB2DDE235C025C0082906D /* LoginView.swift */,
				55CB2DE0235C0EC60082906D /* SecureLandingView.swift */,
			);
			path = Views;
			sourceTree = "<group>";
		};
/* End PBXGroup section */

/* Begin PBXNativeTarget section */
		55CB2DA6235BFB810082906D /* SwiftUI-Practice */ = {
			isa = PBXNativeTarget;
			buildConfigurationList = 55CB2DD1235BFB830082906D /* Build configuration list for PBXNativeTarget "SwiftUI-Practice" */;
			buildPhases = (
				55CB2DA3235BFB810082906D /* Sources */,
				55CB2DA4235BFB810082906D /* Frameworks */,
				55CB2DA5235BFB810082906D /* Resources */,
			);
			buildRules = (
			);
			dependencies = (
			);
			name = "SwiftUI-Practice";
			productName = "SwiftUI-Practice";
			productReference = 55CB2DA7235BFB810082906D /* SwiftUI-Practice.app */;
			productType = "com.apple.product-type.application";
		};
		55CB2DBC235BFB830082906D /* SwiftUI-PracticeTests */ = {
			isa = PBXNativeTarget;
			buildConfigurationList = 55CB2DD4235BFB830082906D /* Build configuration list for PBXNativeTarget "SwiftUI-PracticeTests" */;
			buildPhases = (
				55CB2DB9235BFB830082906D /* Sources */,
				55CB2DBA235BFB830082906D /* Frameworks */,
				55CB2DBB235BFB830082906D /* Resources */,
			);
			buildRules = (
			);
			dependencies = (
				55CB2DBF235BFB830082906D /* PBXTargetDependency */,
			);
			name = "SwiftUI-PracticeTests";
			productName = "SwiftUI-PracticeTests";
			productReference = 55CB2DBD235BFB830082906D /* SwiftUI-PracticeTests.xctest */;
			productType = "com.apple.product-type.bundle.unit-test";
		};
		55CB2DC7235BFB830082906D /* SwiftUI-PracticeUITests */ = {
			isa = PBXNativeTarget;
			buildConfigurationList = 55CB2DD7235BFB830082906D /* Build configuration list for PBXNativeTarget "SwiftUI-PracticeUITests" */;
			buildPhases = (
				55CB2DC4235BFB830082906D /* Sources */,
				55CB2DC5235BFB830082906D /* Frameworks */,
				55CB2DC6235BFB830082906D /* Resources */,
			);
			buildRules = (
			);
			dependencies = (
				55CB2DCA235BFB830082906D /* PBXTargetDependency */,
			);
			name = "SwiftUI-PracticeUITests";
			productName = "SwiftUI-PracticeUITests";
			productReference = 55CB2DC8235BFB830082906D /* SwiftUI-PracticeUITests.xctest */;
			productType = "com.apple.product-type.bundle.ui-testing";
		};
/* End PBXNativeTarget section */

/* Begin PBXProject section */
		55CB2D9F235BFB810082906D /* Project object */ = {
			isa = PBXProject;
			attributes = {
				LastSwiftUpdateCheck = 1110;
				LastUpgradeCheck = 1110;
				ORGANIZATIONNAME = "Yoga Mardia";
				TargetAttributes = {
					55CB2DA6235BFB810082906D = {
						CreatedOnToolsVersion = 11.1;
					};
					55CB2DBC235BFB830082906D = {
						CreatedOnToolsVersion = 11.1;
						TestTargetID = 55CB2DA6235BFB810082906D;
					};
					55CB2DC7235BFB830082906D = {
						CreatedOnToolsVersion = 11.1;
						TestTargetID = 55CB2DA6235BFB810082906D;
					};
				};
			};
			buildConfigurationList = 55CB2DA2235BFB810082906D /* Build configuration list for PBXProject "SwiftUI-Practice" */;
			compatibilityVersion = "Xcode 9.3";
			developmentRegion = en;
			hasScannedForEncodings = 0;
			knownRegions = (
				en,
				Base,
			);
			mainGroup = 55CB2D9E235BFB810082906D;
			productRefGroup = 55CB2DA8235BFB810082906D /* Products */;
			projectDirPath = "";
			projectRoot = "";
			targets = (
				55CB2DA6235BFB810082906D /* SwiftUI-Practice */,
				55CB2DBC235BFB830082906D /* SwiftUI-PracticeTests */,
				55CB2DC7235BFB830082906D /* SwiftUI-PracticeUITests */,
			);
		};
/* End PBXProject section */

/* Begin PBXResourcesBuildPhase section */
		55CB2DA5235BFB810082906D /* Resources */ = {
			isa = PBXResourcesBuildPhase;
			buildActionMask = 2147483647;
			files = (
				55CB2DB7235BFB830082906D /* LaunchScreen.storyboard in Resources */,
				55CB2DB4235BFB830082906D /* Preview Assets.xcassets in Resources */,
				55CB2DB1235BFB830082906D /* Assets.xcassets in Resources */,
			);
			runOnlyForDeploymentPostprocessing = 0;
		};
		55CB2DBB235BFB830082906D /* Resources */ = {
			isa = PBXResourcesBuildPhase;
			buildActionMask = 2147483647;
			files = (
			);
			runOnlyForDeploymentPostprocessing = 0;
		};
		55CB2DC6235BFB830082906D /* Resources */ = {
			isa = PBXResourcesBuildPhase;
			buildActionMask = 2147483647;
			files = (
			);
			runOnlyForDeploymentPostprocessing = 0;
		};
/* End PBXResourcesBuildPhase section */

/* Begin PBXSourcesBuildPhase section */
		55CB2DA3235BFB810082906D /* Sources */ = {
			isa = PBXSourcesBuildPhase;
			buildActionMask = 2147483647;
			files = (
				55CB2DE1235C0EC60082906D /* SecureLandingView.swift in Sources */,
				55CB2DAB235BFB810082906D /* AppDelegate.swift in Sources */,
				55CB2DDC235BFD8E0082906D /* UserViewModel.swift in Sources */,
				55CB2DAD235BFB810082906D /* SceneDelegate.swift in Sources */,
				55CB2DDF235C025C0082906D /* LoginView.swift in Sources */,
				55CB2DAF235BFB810082906D /* ContentView.swift in Sources */,
			);
			runOnlyForDeploymentPostprocessing = 0;
		};
		55CB2DB9235BFB830082906D /* Sources */ = {
			isa = PBXSourcesBuildPhase;
			buildActionMask = 2147483647;
			files = (
				55CB2DC2235BFB830082906D /* SwiftUI_PracticeTests.swift in Sources */,
			);
			runOnlyForDeploymentPostprocessing = 0;
		};
		55CB2DC4235BFB830082906D /* Sources */ = {
			isa = PBXSourcesBuildPhase;
			buildActionMask = 2147483647;
			files = (
				55CB2DCD235BFB830082906D /* SwiftUI_PracticeUITests.swift in Sources */,
			);
			runOnlyForDeploymentPostprocessing = 0;
		};
/* End PBXSourcesBuildPhase section */

/* Begin PBXTargetDependency section */
		55CB2DBF235BFB830082906D /* PBXTargetDependency */ = {
			isa = PBXTargetDependency;
			target = 55CB2DA6235BFB810082906D /* SwiftUI-Practice */;
			targetProxy = 55CB2DBE235BFB830082906D /* PBXContainerItemProxy */;
		};
		55CB2DCA235BFB830082906D /* PBXTargetDependency */ = {
			isa = PBXTargetDependency;
			target = 55CB2DA6235BFB810082906D /* SwiftUI-Practice */;
			targetProxy = 55CB2DC9235BFB830082906D /* PBXContainerItemProxy */;
		};
/* End PBXTargetDependency section */

/* Begin PBXVariantGroup section */
		55CB2DB5235BFB830082906D /* LaunchScreen.storyboard */ = {
			isa = PBXVariantGroup;
			children = (
				55CB2DB6235BFB830082906D /* Base */,
			);
			name = LaunchScreen.storyboard;
			sourceTree = "<group>";
		};
/* End PBXVariantGroup section */

/* Begin XCBuildConfiguration section */
		55CB2DCF235BFB830082906D /* Debug */ = {
			isa = XCBuildConfiguration;
			buildSettings = {
				ALWAYS_SEARCH_USER_PATHS = NO;
				CLANG_ANALYZER_NONNULL = YES;
				CLANG_ANALYZER_NUMBER_OBJECT_CONVERSION = YES_AGGRESSIVE;
				CLANG_CXX_LANGUAGE_STANDARD = "gnu++14";
				CLANG_CXX_LIBRARY = "libc++";
				CLANG_ENABLE_MODULES = YES;
				CLANG_ENABLE_OBJC_ARC = YES;
				CLANG_ENABLE_OBJC_WEAK = YES;
				CLANG_WARN_BLOCK_CAPTURE_AUTORELEASING = YES;
				CLANG_WARN_BOOL_CONVERSION = YES;
				CLANG_WARN_COMMA = YES;
				CLANG_WARN_CONSTANT_CONVERSION = YES;
				CLANG_WARN_DEPRECATED_OBJC_IMPLEMENTATIONS = YES;
				CLANG_WARN_DIRECT_OBJC_ISA_USAGE = YES_ERROR;
				CLANG_WARN_DOCUMENTATION_COMMENTS = YES;
				CLANG_WARN_EMPTY_BODY = YES;
				CLANG_WARN_ENUM_CONVERSION = YES;
				CLANG_WARN_INFINITE_RECURSION = YES;
				CLANG_WARN_INT_CONVERSION = YES;
				CLANG_WARN_NON_LITERAL_NULL_CONVERSION = YES;
				CLANG_WARN_OBJC_IMPLICIT_RETAIN_SELF = YES;
				CLANG_WARN_OBJC_LITERAL_CONVERSION = YES;
				CLANG_WARN_OBJC_ROOT_CLASS = YES_ERROR;
				CLANG_WARN_RANGE_LOOP_ANALYSIS = YES;
				CLANG_WARN_STRICT_PROTOTYPES = YES;
				CLANG_WARN_SUSPICIOUS_MOVE = YES;
				CLANG_WARN_UNGUARDED_AVAILABILITY = YES_AGGRESSIVE;
				CLANG_WARN_UNREACHABLE_CODE = YES;
				CLANG_WARN__DUPLICATE_METHOD_MATCH = YES;
				COPY_PHASE_STRIP = NO;
				DEBUG_INFORMATION_FORMAT = dwarf;
				ENABLE_STRICT_OBJC_MSGSEND = YES;
				ENABLE_TESTABILITY = YES;
				GCC_C_LANGUAGE_STANDARD = gnu11;
				GCC_DYNAMIC_NO_PIC = NO;
				GCC_NO_COMMON_BLOCKS = YES;
				GCC_OPTIMIZATION_LEVEL = 0;
				GCC_PREPROCESSOR_DEFINITIONS = (
					"DEBUG=1",
					"$(inherited)",
				);
				GCC_WARN_64_TO_32_BIT_CONVERSION = YES;
				GCC_WARN_ABOUT_RETURN_TYPE = YES_ERROR;
				GCC_WARN_UNDECLARED_SELECTOR = YES;
				GCC_WARN_UNINITIALIZED_AUTOS = YES_AGGRESSIVE;
				GCC_WARN_UNUSED_FUNCTION = YES;
				GCC_WARN_UNUSED_VARIABLE = YES;
				IPHONEOS_DEPLOYMENT_TARGET = 13.1;
				MTL_ENABLE_DEBUG_INFO = INCLUDE_SOURCE;
				MTL_FAST_MATH = YES;
				ONLY_ACTIVE_ARCH = YES;
				SDKROOT = iphoneos;
				SWIFT_ACTIVE_COMPILATION_CONDITIONS = DEBUG;
				SWIFT_OPTIMIZATION_LEVEL = "-Onone";
			};
			name = Debug;
		};
		55CB2DD0235BFB830082906D /* Release */ = {
			isa = XCBuildConfiguration;
			buildSettings = {
				ALWAYS_SEARCH_USER_PATHS = NO;
				CLANG_ANALYZER_NONNULL = YES;
				CLANG_ANALYZER_NUMBER_OBJECT_CONVERSION = YES_AGGRESSIVE;
				CLANG_CXX_LANGUAGE_STANDARD = "gnu++14";
				CLANG_CXX_LIBRARY = "libc++";
				CLANG_ENABLE_MODULES = YES;
				CLANG_ENABLE_OBJC_ARC = YES;
				CLANG_ENABLE_OBJC_WEAK = YES;
				CLANG_WARN_BLOCK_CAPTURE_AUTORELEASING = YES;
				CLANG_WARN_BOOL_CONVERSION = YES;
				CLANG_WARN_COMMA = YES;
				CLANG_WARN_CONSTANT_CONVERSION = YES;
				CLANG_WARN_DEPRECATED_OBJC_IMPLEMENTATIONS = YES;
				CLANG_WARN_DIRECT_OBJC_ISA_USAGE = YES_ERROR;
				CLANG_WARN_DOCUMENTATION_COMMENTS = YES;
				CLANG_WARN_EMPTY_BODY = YES;
				CLANG_WARN_ENUM_CONVERSION = YES;
				CLANG_WARN_INFINITE_RECURSION = YES;
				CLANG_WARN_INT_CONVERSION = YES;
				CLANG_WARN_NON_LITERAL_NULL_CONVERSION = YES;
				CLANG_WARN_OBJC_IMPLICIT_RETAIN_SELF = YES;
				CLANG_WARN_OBJC_LITERAL_CONVERSION = YES;
				CLANG_WARN_OBJC_ROOT_CLASS = YES_ERROR;
				CLANG_WARN_RANGE_LOOP_ANALYSIS = YES;
				CLANG_WARN_STRICT_PROTOTYPES = YES;
				CLANG_WARN_SUSPICIOUS_MOVE = YES;
				CLANG_WARN_UNGUARDED_AVAILABILITY = YES_AGGRESSIVE;
				CLANG_WARN_UNREACHABLE_CODE = YES;
				CLANG_WARN__DUPLICATE_METHOD_MATCH = YES;
				COPY_PHASE_STRIP = NO;
				DEBUG_INFORMATION_FORMAT = "dwarf-with-dsym";
				ENABLE_NS_ASSERTIONS = NO;
				ENABLE_STRICT_OBJC_MSGSEND = YES;
				GCC_C_LANGUAGE_STANDARD = gnu11;
				GCC_NO_COMMON_BLOCKS = YES;
				GCC_WARN_64_TO_32_BIT_CONVERSION = YES;
				GCC_WARN_ABOUT_RETURN_TYPE = YES_ERROR;
				GCC_WARN_UNDECLARED_SELECTOR = YES;
				GCC_WARN_UNINITIALIZED_AUTOS = YES_AGGRESSIVE;
				GCC_WARN_UNUSED_FUNCTION = YES;
				GCC_WARN_UNUSED_VARIABLE = YES;
				IPHONEOS_DEPLOYMENT_TARGET = 13.1;
				MTL_ENABLE_DEBUG_INFO = NO;
				MTL_FAST_MATH = YES;
				SDKROOT = iphoneos;
				SWIFT_COMPILATION_MODE = wholemodule;
				SWIFT_OPTIMIZATION_LEVEL = "-O";
				VALIDATE_PRODUCT = YES;
			};
			name = Release;
		};
		55CB2DD2235BFB830082906D /* Debug */ = {
			isa = XCBuildConfiguration;
			buildSettings = {
				ASSETCATALOG_COMPILER_APPICON_NAME = AppIcon;
				CODE_SIGN_STYLE = Automatic;
				DEVELOPMENT_ASSET_PATHS = "\"SwiftUI-Practice/Preview Content\"";
				ENABLE_PREVIEWS = YES;
				INFOPLIST_FILE = "SwiftUI-Practice/Info.plist";
				LD_RUNPATH_SEARCH_PATHS = (
					"$(inherited)",
					"@executable_path/Frameworks",
				);
				PRODUCT_BUNDLE_IDENTIFIER = "yogamardia.SwiftUI-Practice";
				PRODUCT_NAME = "$(TARGET_NAME)";
				SWIFT_VERSION = 5.0;
				TARGETED_DEVICE_FAMILY = "1,2";
			};
			name = Debug;
		};
		55CB2DD3235BFB830082906D /* Release */ = {
			isa = XCBuildConfiguration;
			buildSettings = {
				ASSETCATALOG_COMPILER_APPICON_NAME = AppIcon;
				CODE_SIGN_STYLE = Automatic;
				DEVELOPMENT_ASSET_PATHS = "\"SwiftUI-Practice/Preview Content\"";
				ENABLE_PREVIEWS = YES;
				INFOPLIST_FILE = "SwiftUI-Practice/Info.plist";
				LD_RUNPATH_SEARCH_PATHS = (
					"$(inherited)",
					"@executable_path/Frameworks",
				);
				PRODUCT_BUNDLE_IDENTIFIER = "yogamardia.SwiftUI-Practice";
				PRODUCT_NAME = "$(TARGET_NAME)";
				SWIFT_VERSION = 5.0;
				TARGETED_DEVICE_FAMILY = "1,2";
			};
			name = Release;
		};
		55CB2DD5235BFB830082906D /* Debug */ = {
			isa = XCBuildConfiguration;
			buildSettings = {
				ALWAYS_EMBED_SWIFT_STANDARD_LIBRARIES = YES;
				BUNDLE_LOADER = "$(TEST_HOST)";
				CODE_SIGN_STYLE = Automatic;
				INFOPLIST_FILE = "SwiftUI-PracticeTests/Info.plist";
				IPHONEOS_DEPLOYMENT_TARGET = 13.1;
				LD_RUNPATH_SEARCH_PATHS = (
					"$(inherited)",
					"@executable_path/Frameworks",
					"@loader_path/Frameworks",
				);
				PRODUCT_BUNDLE_IDENTIFIER = "yogamardia.SwiftUI-PracticeTests";
				PRODUCT_NAME = "$(TARGET_NAME)";
				SWIFT_VERSION = 5.0;
				TARGETED_DEVICE_FAMILY = "1,2";
				TEST_HOST = "$(BUILT_PRODUCTS_DIR)/SwiftUI-Practice.app/SwiftUI-Practice";
			};
			name = Debug;
		};
		55CB2DD6235BFB830082906D /* Release */ = {
			isa = XCBuildConfiguration;
			buildSettings = {
				ALWAYS_EMBED_SWIFT_STANDARD_LIBRARIES = YES;
				BUNDLE_LOADER = "$(TEST_HOST)";
				CODE_SIGN_STYLE = Automatic;
				INFOPLIST_FILE = "SwiftUI-PracticeTests/Info.plist";
				IPHONEOS_DEPLOYMENT_TARGET = 13.1;
				LD_RUNPATH_SEARCH_PATHS = (
					"$(inherited)",
					"@executable_path/Frameworks",
					"@loader_path/Frameworks",
				);
				PRODUCT_BUNDLE_IDENTIFIER = "yogamardia.SwiftUI-PracticeTests";
				PRODUCT_NAME = "$(TARGET_NAME)";
				SWIFT_VERSION = 5.0;
				TARGETED_DEVICE_FAMILY = "1,2";
				TEST_HOST = "$(BUILT_PRODUCTS_DIR)/SwiftUI-Practice.app/SwiftUI-Practice";
			};
			name = Release;
		};
		55CB2DD8235BFB830082906D /* Debug */ = {
			isa = XCBuildConfiguration;
			buildSettings = {
				ALWAYS_EMBED_SWIFT_STANDARD_LIBRARIES = YES;
				CODE_SIGN_STYLE = Automatic;
				INFOPLIST_FILE = "SwiftUI-PracticeUITests/Info.plist";
				LD_RUNPATH_SEARCH_PATHS = (
					"$(inherited)",
					"@executable_path/Frameworks",
					"@loader_path/Frameworks",
				);
				PRODUCT_BUNDLE_IDENTIFIER = "yogamardia.SwiftUI-PracticeUITests";
				PRODUCT_NAME = "$(TARGET_NAME)";
				SWIFT_VERSION = 5.0;
				TARGETED_DEVICE_FAMILY = "1,2";
				TEST_TARGET_NAME = "SwiftUI-Practice";
			};
			name = Debug;
		};
		55CB2DD9235BFB830082906D /* Release */ = {
			isa = XCBuildConfiguration;
			buildSettings = {
				ALWAYS_EMBED_SWIFT_STANDARD_LIBRARIES = YES;
				CODE_SIGN_STYLE = Automatic;
				INFOPLIST_FILE = "SwiftUI-PracticeUITests/Info.plist";
				LD_RUNPATH_SEARCH_PATHS = (
					"$(inherited)",
					"@executable_path/Frameworks",
					"@loader_path/Frameworks",
				);
				PRODUCT_BUNDLE_IDENTIFIER = "yogamardia.SwiftUI-PracticeUITests";
				PRODUCT_NAME = "$(TARGET_NAME)";
				SWIFT_VERSION = 5.0;
				TARGETED_DEVICE_FAMILY = "1,2";
				TEST_TARGET_NAME = "SwiftUI-Practice";
			};
			name = Release;
		};
/* End XCBuildConfiguration section */

/* Begin XCConfigurationList section */
		55CB2DA2235BFB810082906D /* Build configuration list for PBXProject "SwiftUI-Practice" */ = {
			isa = XCConfigurationList;
			buildConfigurations = (
				55CB2DCF235BFB830082906D /* Debug */,
				55CB2DD0235BFB830082906D /* Release */,
			);
			defaultConfigurationIsVisible = 0;
			defaultConfigurationName = Release;
		};
		55CB2DD1235BFB830082906D /* Build configuration list for PBXNativeTarget "SwiftUI-Practice" */ = {
			isa = XCConfigurationList;
			buildConfigurations = (
				55CB2DD2235BFB830082906D /* Debug */,
				55CB2DD3235BFB830082906D /* Release */,
			);
			defaultConfigurationIsVisible = 0;
			defaultConfigurationName = Release;
		};
		55CB2DD4235BFB830082906D /* Build configuration list for PBXNativeTarget "SwiftUI-PracticeTests" */ = {
			isa = XCConfigurationList;
			buildConfigurations = (
				55CB2DD5235BFB830082906D /* Debug */,
				55CB2DD6235BFB830082906D /* Release */,
			);
			defaultConfigurationIsVisible = 0;
			defaultConfigurationName = Release;
		};
		55CB2DD7235BFB830082906D /* Build configuration list for PBXNativeTarget "SwiftUI-PracticeUITests" */ = {
			isa = XCConfigurationList;
			buildConfigurations = (
				55CB2DD8235BFB830082906D /* Debug */,
				55CB2DD9235BFB830082906D /* Release */,
			);
			defaultConfigurationIsVisible = 0;
			defaultConfigurationName = Release;
		};
/* End XCConfigurationList section */
	};
	rootObject = 55CB2D9F235BFB810082906D /* Project object */;
}
